// !$*UTF8*$!
{
	archiveVersion = 1;
	classes = {
	};
	objectVersion = 50;
	objects = {

/* Begin PBXBuildFile section */
		39E0466621E7D07C00AF6CBD /* AppDelegate.swift in Sources */ = {isa = PBXBuildFile; fileRef = 39E0466521E7D07C00AF6CBD /* AppDelegate.swift */; };
		39E0466821E7D07C00AF6CBD /* ImpactViewController.swift in Sources */ = {isa = PBXBuildFile; fileRef = 39E0466721E7D07C00AF6CBD /* ImpactViewController.swift */; };
		39E0466B21E7D07C00AF6CBD /* Main.storyboard in Resources */ = {isa = PBXBuildFile; fileRef = 39E0466921E7D07C00AF6CBD /* Main.storyboard */; };
		39E0466D21E7D08B00AF6CBD /* Assets.xcassets in Resources */ = {isa = PBXBuildFile; fileRef = 39E0466C21E7D08B00AF6CBD /* Assets.xcassets */; };
/* End PBXBuildFile section */

/* Begin PBXFileReference section */
		39E0466221E7D07C00AF6CBD /* GlobalImpact.app */ = {isa = PBXFileReference; explicitFileType = wrapper.application; includeInIndex = 0; name = GlobalImpact.app; path = "/Users/hdel8518/Projects/GlobalImpact/build/Debug-iphoneos/GlobalImpact.app"; sourceTree = "<absolute>"; };
		39E0466521E7D07C00AF6CBD /* AppDelegate.swift */ = {isa = PBXFileReference; lastKnownFileType = sourcecode.swift; path = AppDelegate.swift; sourceTree = "<group>"; };
		39E0466721E7D07C00AF6CBD /* ImpactViewController.swift */ = {isa = PBXFileReference; lastKnownFileType = sourcecode.swift; path = ImpactViewController.swift; sourceTree = "<group>"; };
		39E0466A21E7D07C00AF6CBD /* Base */ = {isa = PBXFileReference; lastKnownFileType = file.storyboard; name = Base; path = Base.lproj/Main.storyboard; sourceTree = "<group>"; };
		39E0466C21E7D08B00AF6CBD /* Assets.xcassets */ = {isa = PBXFileReference; lastKnownFileType = folder.assetcatalog; path = Assets.xcassets; sourceTree = "<group>"; };
		39E0467121E7D08B00AF6CBD /* Info.plist */ = {isa = PBXFileReference; lastKnownFileType = text.plist.xml; path = Info.plist; sourceTree = "<group>"; };
/* End PBXFileReference section */

/* Begin PBXFrameworksBuildPhase section */
		39E0465F21E7D07C00AF6CBD /* Frameworks */ = {
			isa = PBXFrameworksBuildPhase;
			buildActionMask = 2147483647;
			files = (
			);
			runOnlyForDeploymentPostprocessing = 0;
		};
/* End PBXFrameworksBuildPhase section */

/* Begin PBXGroup section */
		39E0465921E7D07C00AF6CBD = {
			isa = PBXGroup;
			children = (
				39E0466421E7D07C00AF6CBD /* GlobalImpact */,
			);
			sourceTree = "<group>";
		};
		39E0466421E7D07C00AF6CBD /* GlobalImpact */ = {
			isa = PBXGroup;
			children = (
				39E0467721E7D0E600AF6CBD /* Resources */,
				39E0467821E7D0F700AF6CBD /* Controller */,
				39E0467921E7D12200AF6CBD /* View */,
				39E0466921E7D07C00AF6CBD /* Main.storyboard */,
			);
			path = GlobalImpact;
			sourceTree = "<group>";
		};
		39E0467721E7D0E600AF6CBD /* Resources */ = {
			isa = PBXGroup;
			children = (
				39E0466521E7D07C00AF6CBD /* AppDelegate.swift */,
				39E0466C21E7D08B00AF6CBD /* Assets.xcassets */,
				39E0467121E7D08B00AF6CBD /* Info.plist */,
			);
			path = Resources;
			sourceTree = "<group>";
		};
		39E0467821E7D0F700AF6CBD /* Controller */ = {
			isa = PBXGroup;
			children = (
				39E0466721E7D07C00AF6CBD /* ImpactViewController.swift */,
			);
			path = Controller;
			sourceTree = "<group>";
		};
		39E0467921E7D12200AF6CBD /* View */ = {
			isa = PBXGroup;
			children = (
			);
			path = View;
			sourceTree = "<group>";
		};
/* End PBXGroup section */

/* Begin PBXNativeTarget section */
		39E0466121E7D07C00AF6CBD /* GlobalImpact */ = {
			isa = PBXNativeTarget;
			buildConfigurationList = 39E0467421E7D08B00AF6CBD /* Build configuration list for PBXNativeTarget "GlobalImpact" */;
			buildPhases = (
				39E0465E21E7D07C00AF6CBD /* Sources */,
				39E0465F21E7D07C00AF6CBD /* Frameworks */,
				39E0466021E7D07C00AF6CBD /* Resources */,
			);
			buildRules = (
			);
			dependencies = (
			);
			name = GlobalImpact;
			productName = GlobalImpact;
			productReference = 39E0466221E7D07C00AF6CBD /* GlobalImpact.app */;
			productType = "com.apple.product-type.application";
		};
/* End PBXNativeTarget section */

/* Begin PBXProject section */
		39E0465A21E7D07C00AF6CBD /* Project object */ = {
			isa = PBXProject;
			attributes = {
				LastSwiftUpdateCheck = 1000;
				LastUpgradeCheck = 1000;
				ORGANIZATIONNAME = Ctec;
				TargetAttributes = {
					39E0466121E7D07C00AF6CBD = {
						CreatedOnToolsVersion = 10.0;
					};
				};
			};
			buildConfigurationList = 39E0465D21E7D07C00AF6CBD /* Build configuration list for PBXProject "GlobalImpact" */;
			compatibilityVersion = "Xcode 9.3";
			developmentRegion = en;
			hasScannedForEncodings = 0;
			knownRegions = (
				en,
				Base,
			);
			mainGroup = 39E0465921E7D07C00AF6CBD;
			productRefGroup = 39E0465921E7D07C00AF6CBD;
			projectDirPath = "";
			projectRoot = "";
			targets = (
				39E0466121E7D07C00AF6CBD /* GlobalImpact */,
			);
		};
/* End PBXProject section */

/* Begin PBXResourcesBuildPhase section */
		39E0466021E7D07C00AF6CBD /* Resources */ = {
			isa = PBXResourcesBuildPhase;
			buildActionMask = 2147483647;
			files = (
				39E0466D21E7D08B00AF6CBD /* Assets.xcassets in Resources */,
				39E0466B21E7D07C00AF6CBD /* Main.storyboard in Resources */,
			);
			runOnlyForDeploymentPostprocessing = 0;
		};
/* End PBXResourcesBuildPhase section */

/* Begin PBXSourcesBuildPhase section */
		39E0465E21E7D07C00AF6CBD /* Sources */ = {
			isa = PBXSourcesBuildPhase;
			buildActionMask = 2147483647;
			files = (
				39E0466821E7D07C00AF6CBD /* ImpactViewController.swift in Sources */,
				39E0466621E7D07C00AF6CBD /* AppDelegate.swift in Sources */,
			);
			runOnlyForDeploymentPostprocessing = 0;
		};
/* End PBXSourcesBuildPhase section */

/* Begin PBXVariantGroup section */
		39E0466921E7D07C00AF6CBD /* Main.storyboard */ = {
			isa = PBXVariantGroup;
			children = (
				39E0466A21E7D07C00AF6CBD /* Base */,
			);
			name = Main.storyboard;
			sourceTree = "<group>";
		};
/* End PBXVariantGroup section */

/* Begin XCBuildConfiguration section */
		39E0467221E7D08B00AF6CBD /* Debug */ = {
			isa = XCBuildConfiguration;
			buildSettings = {
				ALWAYS_SEARCH_USER_PATHS = NO;
				CLANG_ANALYZER_NONNULL = YES;
				CLANG_ANALYZER_NUMBER_OBJECT_CONVERSION = YES_AGGRESSIVE;
				CLANG_CXX_LANGUAGE_STANDARD = "gnu++14";
				CLANG_CXX_LIBRARY = "libc++";
				CLANG_ENABLE_MODULES = YES;
				CLANG_ENABLE_OBJC_ARC = YES;
				CLANG_ENABLE_OBJC_WEAK = YES;
				CLANG_WARN_BLOCK_CAPTURE_AUTORELEASING = YES;
				CLANG_WARN_BOOL_CONVERSION = YES;
				CLANG_WARN_COMMA = YES;
				CLANG_WARN_CONSTANT_CONVERSION = YES;
				CLANG_WARN_DEPRECATED_OBJC_IMPLEMENTATIONS = YES;
				CLANG_WARN_DIRECT_OBJC_ISA_USAGE = YES_ERROR;
				CLANG_WARN_DOCUMENTATION_COMMENTS = YES;
				CLANG_WARN_EMPTY_BODY = YES;
				CLANG_WARN_ENUM_CONVERSION = YES;
				CLANG_WARN_INFINITE_RECURSION = YES;
				CLANG_WARN_INT_CONVERSION = YES;
				CLANG_WARN_NON_LITERAL_NULL_CONVERSION = YES;
				CLANG_WARN_OBJC_IMPLICIT_RETAIN_SELF = YES;
				CLANG_WARN_OBJC_LITERAL_CONVERSION = YES;
				CLANG_WARN_OBJC_ROOT_CLASS = YES_ERROR;
				CLANG_WARN_RANGE_LOOP_ANALYSIS = YES;
				CLANG_WARN_STRICT_PROTOTYPES = YES;
				CLANG_WARN_SUSPICIOUS_MOVE = YES;
				CLANG_WARN_UNGUARDED_AVAILABILITY = YES_AGGRESSIVE;
				CLANG_WARN_UNREACHABLE_CODE = YES;
				CLANG_WARN__DUPLICATE_METHOD_MATCH = YES;
				CODE_SIGN_IDENTITY = "iPhone Developer";
				COPY_PHASE_STRIP = NO;
				DEBUG_INFORMATION_FORMAT = dwarf;
				ENABLE_STRICT_OBJC_MSGSEND = YES;
				ENABLE_TESTABILITY = YES;
				GCC_C_LANGUAGE_STANDARD = gnu11;
				GCC_DYNAMIC_NO_PIC = NO;
				GCC_NO_COMMON_BLOCKS = YES;
				GCC_OPTIMIZATION_LEVEL = 0;
				GCC_PREPROCESSOR_DEFINITIONS = (
					"DEBUG=1",
					"$(inherited)",
				);
				GCC_WARN_64_TO_32_BIT_CONVERSION = YES;
				GCC_WARN_ABOUT_RETURN_TYPE = YES_ERROR;
				GCC_WARN_UNDECLARED_SELECTOR = YES;
				GCC_WARN_UNINITIALIZED_AUTOS = YES_AGGRESSIVE;
				GCC_WARN_UNUSED_FUNCTION = YES;
				GCC_WARN_UNUSED_VARIABLE = YES;
				IPHONEOS_DEPLOYMENT_TARGET = 12.0;
				MTL_ENABLE_DEBUG_INFO = INCLUDE_SOURCE;
				MTL_FAST_MATH = YES;
				ONLY_ACTIVE_ARCH = YES;
				SDKROOT = iphoneos;
				SWIFT_ACTIVE_COMPILATION_CONDITIONS = DEBUG;
				SWIFT_OPTIMIZATION_LEVEL = "-Onone";
			};
			name = Debug;
		};
		39E0467321E7D08B00AF6CBD /* Release */ = {
			isa = XCBuildConfiguration;
			buildSettings = {
				ALWAYS_SEARCH_USER_PATHS = NO;
				CLANG_ANALYZER_NONNULL = YES;
				CLANG_ANALYZER_NUMBER_OBJECT_CONVERSION = YES_AGGRESSIVE;
				CLANG_CXX_LANGUAGE_STANDARD = "gnu++14";
				CLANG_CXX_LIBRARY = "libc++";
				CLANG_ENABLE_MODULES = YES;
				CLANG_ENABLE_OBJC_ARC = YES;
				CLANG_ENABLE_OBJC_WEAK = YES;
				CLANG_WARN_BLOCK_CAPTURE_AUTORELEASING = YES;
				CLANG_WARN_BOOL_CONVERSION = YES;
				CLANG_WARN_COMMA = YES;
				CLANG_WARN_CONSTANT_CONVERSION = YES;
				CLANG_WARN_DEPRECATED_OBJC_IMPLEMENTATIONS = YES;
				CLANG_WARN_DIRECT_OBJC_ISA_USAGE = YES_ERROR;
				CLANG_WARN_DOCUMENTATION_COMMENTS = YES;
				CLANG_WARN_EMPTY_BODY = YES;
				CLANG_WARN_ENUM_CONVERSION = YES;
				CLANG_WARN_INFINITE_RECURSION = YES;
				CLANG_WARN_INT_CONVERSION = YES;
				CLANG_WARN_NON_LITERAL_NULL_CONVERSION = YES;
				CLANG_WARN_OBJC_IMPLICIT_RETAIN_SELF = YES;
				CLANG_WARN_OBJC_LITERAL_CONVERSION = YES;
				CLANG_WARN_OBJC_ROOT_CLASS = YES_ERROR;
				CLANG_WARN_RANGE_LOOP_ANALYSIS = YES;
				CLANG_WARN_STRICT_PROTOTYPES = YES;
				CLANG_WARN_SUSPICIOUS_MOVE = YES;
				CLANG_WARN_UNGUARDED_AVAILABILITY = YES_AGGRESSIVE;
				CLANG_WARN_UNREACHABLE_CODE = YES;
				CLANG_WARN__DUPLICATE_METHOD_MATCH = YES;
				CODE_SIGN_IDENTITY = "iPhone Developer";
				COPY_PHASE_STRIP = NO;
				DEBUG_INFORMATION_FORMAT = "dwarf-with-dsym";
				ENABLE_NS_ASSERTIONS = NO;
				ENABLE_STRICT_OBJC_MSGSEND = YES;
				GCC_C_LANGUAGE_STANDARD = gnu11;
				GCC_NO_COMMON_BLOCKS = YES;
				GCC_WARN_64_TO_32_BIT_CONVERSION = YES;
				GCC_WARN_ABOUT_RETURN_TYPE = YES_ERROR;
				GCC_WARN_UNDECLARED_SELECTOR = YES;
				GCC_WARN_UNINITIALIZED_AUTOS = YES_AGGRESSIVE;
				GCC_WARN_UNUSED_FUNCTION = YES;
				GCC_WARN_UNUSED_VARIABLE = YES;
				IPHONEOS_DEPLOYMENT_TARGET = 12.0;
				MTL_ENABLE_DEBUG_INFO = NO;
				MTL_FAST_MATH = YES;
				SDKROOT = iphoneos;
				SWIFT_COMPILATION_MODE = wholemodule;
				SWIFT_OPTIMIZATION_LEVEL = "-O";
				VALIDATE_PRODUCT = YES;
			};
			name = Release;
		};
		39E0467521E7D08B00AF6CBD /* Debug */ = {
			isa = XCBuildConfiguration;
			buildSettings = {
				ASSETCATALOG_COMPILER_APPICON_NAME = AppIcon;
				CODE_SIGN_STYLE = Automatic;
				INFOPLIST_FILE = GlobalImpact/Info.plist;
				LD_RUNPATH_SEARCH_PATHS = (
					"$(inherited)",
					"@executable_path/Frameworks",
				);
				PRODUCT_BUNDLE_IDENTIFIER = Ctec.GlobalImpact;
				PRODUCT_NAME = "$(TARGET_NAME)";
				SWIFT_VERSION = 4.2;
				TARGETED_DEVICE_FAMILY = "1,2";
			};
			name = Debug;
		};
		39E0467621E7D08B00AF6CBD /* Release */ = {
			isa = XCBuildConfiguration;
			buildSettings = {
				ASSETCATALOG_COMPILER_APPICON_NAME = AppIcon;
				CODE_SIGN_STYLE = Automatic;
				INFOPLIST_FILE = GlobalImpact/Info.plist;
				LD_RUNPATH_SEARCH_PATHS = (
					"$(inherited)",
					"@executable_path/Frameworks",
				);
				PRODUCT_BUNDLE_IDENTIFIER = Ctec.GlobalImpact;
				PRODUCT_NAME = "$(TARGET_NAME)";
				SWIFT_VERSION = 4.2;
				TARGETED_DEVICE_FAMILY = "1,2";
			};
			name = Release;
		};
/* End XCBuildConfiguration section */

/* Begin XCConfigurationList section */
		39E0465D21E7D07C00AF6CBD /* Build configuration list for PBXProject "GlobalImpact" */ = {
			isa = XCConfigurationList;
			buildConfigurations = (
				39E0467221E7D08B00AF6CBD /* Debug */,
				39E0467321E7D08B00AF6CBD /* Release */,
			);
			defaultConfigurationIsVisible = 0;
			defaultConfigurationName = Release;
		};
		39E0467421E7D08B00AF6CBD /* Build configuration list for PBXNativeTarget "GlobalImpact" */ = {
			isa = XCConfigurationList;
			buildConfigurations = (
				39E0467521E7D08B00AF6CBD /* Debug */,
				39E0467621E7D08B00AF6CBD /* Release */,
			);
			defaultConfigurationIsVisible = 0;
			defaultConfigurationName = Release;
		};
/* End XCConfigurationList section */
	};
	rootObject = 39E0465A21E7D07C00AF6CBD /* Project object */;
}
